
Microsoft Visual Studio Solution File, Format Version 12.00
# Visual Studio Version 17
VisualStudioVersion = 17.9.34622.214
MinimumVisualStudioVersion = 10.0.40219.1
Project("{FAE04EC0-301F-11D3-BF4B-00C04F79EFBC}") = "HM9", "HM9\HM9.csproj", "{AD733413-8ED6-4E29-9A22-44829C8C80C0}"
EndProject
Global
	GlobalSection(SolutionConfigurationPlatforms) = preSolution
		Debug|Any CPU = Debug|Any CPU
		Release|Any CPU = Release|Any CPU
	EndGlobalSection
	GlobalSection(ProjectConfigurationPlatforms) = postSolution
		{AD733413-8ED6-4E29-9A22-44829C8C80C0}.Debug|Any CPU.ActiveCfg = Debug|Any CPU
		{AD733413-8ED6-4E29-9A22-44829C8C80C0}.Debug|Any CPU.Build.0 = Debug|Any CPU
		{AD733413-8ED6-4E29-9A22-44829C8C80C0}.Release|Any CPU.ActiveCfg = Release|Any CPU
		{AD733413-8ED6-4E29-9A22-44829C8C80C0}.Release|Any CPU.Build.0 = Release|Any CPU
	EndGlobalSection
	GlobalSection(SolutionProperties) = preSolution
		HideSolutionNode = FALSE
	EndGlobalSection
	GlobalSection(ExtensibilityGlobals) = postSolution
		SolutionGuid = {BFA25B67-C442-467B-B4DC-88F218A06BE3}
	EndGlobalSection
EndGlobal
